{
  "name": "minicode-1",
  "version": "1.0.0",
  "lockfileVersion": 1,
  "requires": true,
  "dependencies": {
    "miniprogram-recycle-view": {
      "version": "0.1.4",
      "resolved": "https://registry.npmjs.org/miniprogram-recycle-view/-/miniprogram-recycle-view-0.1.4.tgz",
      "integrity": "sha512-TgbYIfJYBcfYTsD7c+XUq2LX/EerDr505tbvhB38g/eye9yQooRvfBZxGDQrLiUyK2FOgnvZzwocBkbK0EBEFQ=="
    }
  }
}
